
Microsoft Visual Studio Solution File, Format Version 12.00
# Visual Studio Version 16
VisualStudioVersion = 16.0.30011.22
MinimumVisualStudioVersion = 10.0.40219.1
Project("{FAE04EC0-301F-11D3-BF4B-00C04F79EFBC}") = "Menaxhimi", "Menaxhimi.csproj", "{617718A8-A0D1-4EFB-8326-58FB9A37DCCD}"
EndProject
Global
	GlobalSection(SolutionConfigurationPlatforms) = preSolution
		Debug|Any CPU = Debug|Any CPU
		Release|Any CPU = Release|Any CPU
	EndGlobalSection
	GlobalSection(ProjectConfigurationPlatforms) = postSolution
		{617718A8-A0D1-4EFB-8326-58FB9A37DCCD}.Debug|Any CPU.ActiveCfg = Debug|Any CPU
		{617718A8-A0D1-4EFB-8326-58FB9A37DCCD}.Debug|Any CPU.Build.0 = Debug|Any CPU
		{617718A8-A0D1-4EFB-8326-58FB9A37DCCD}.Release|Any CPU.ActiveCfg = Release|Any CPU
		{617718A8-A0D1-4EFB-8326-58FB9A37DCCD}.Release|Any CPU.Build.0 = Release|Any CPU
	EndGlobalSection
	GlobalSection(SolutionProperties) = preSolution
		HideSolutionNode = FALSE
	EndGlobalSection
	GlobalSection(ExtensibilityGlobals) = postSolution
		SolutionGuid = {D1562EE7-91C6-412C-87B9-5103559704EC}
	EndGlobalSection
EndGlobal
